<Solution>
  <Project Path="ArgsDemo/ArgsDemo.csproj" Id="b0c00db6-a31f-49bd-b262-ed5c615288d5" />
  <Project Path="ArrayApp/ArrayApp.csproj" Id="8d71f3b9-16b6-4503-83e4-88999e9b0f4d" />
  <Project Path="CitiesFor/CitiesFor.csproj" Id="ce1dce5a-bd96-43f8-ad55-f3dcaa8af70d" />
  <Project Path="DoWhileApp/DoWhileApp.csproj" Id="23fe02ff-5713-49a1-a32b-efd6939d3daa" />
  <Project Path="ExpressionBodyMethod/ExpressionBodyMethod.csproj" Id="b62a7414-ee5b-4063-a561-5fa443bb7017" />
  <Project Path="ExtactCapitals/ExtactCapitals.csproj" Id="02ea3b18-f7d2-4877-8e08-2a74d8c91ba0" />
  <Project Path="FormatExceptionApp/FormatExceptionApp.csproj" Id="c90a57b2-0d60-4edd-a967-147626cac225" />
  <Project Path="HelloWorld/HelloWorld.csproj" />
  <Project Path="IfCases/IfCases.csproj" Id="d6e959d9-9b18-461e-b970-31fe32898dad" />
  <Project Path="KilometersApp/KilometersApp.csproj" />
  <Project Path="LinqArrays/LinqArrays.csproj" Id="cca1ea3d-3f37-4ab0-ac20-4c42b14dc235" />
  <Project Path="MethodChallenges/MethodChallenges.csproj" Id="3f1f90b8-584b-433c-9fda-299bb869896a" />
  <Project Path="MethodsApp/MethodsApp.csproj" Id="9490872e-2e3f-4cf7-b349-72f4e54454e8" />
  <Project Path="MoreMethods/MoreMethods.csproj" Id="774cfaa2-506d-40b3-aeef-1ba9ea36b356" />
  <Project Path="NullableApp/NullableApp.csproj" Id="6fbd7d12-3435-437d-8e0c-c2f81daaa6fd" />
  <Project Path="NumberRead/NumberRead.csproj" />
  <Project Path="PalindromeStr/PalindromeStr.csproj" Id="8c0f6c00-6907-476f-b67c-5b3b05095d0c" />
  <Project Path="PocoApp/PocoApp.csproj" Id="cd3d3710-9e07-48a9-9b3c-f24521f07ee7" />
  <Project Path="PrintingApp/PrintingApp.csproj" />
  <Project Path="ProductsVat/ProductsVat.csproj" />
  <Project Path="RegexApp/RegexApp.csproj" Id="7ab00bb6-4db3-4bf2-8f2b-1126e59570ec" />
  <Project Path="StringBuilderApp/StringBuilderApp.csproj" Id="3e1176dd-2ac3-4119-8c1e-c0c38dd46d9a" />
  <Project Path="StringsApp/StringsApp.csproj" Id="b92a0b65-ae7e-4577-a326-c9f3d25863f1" />
  <Project Path="SwapApp/SwapApp.csproj" Id="e3780fc7-db1f-4cf8-87ea-ebc5890d1aee" />
  <Project Path="SwitchApp/SwitchApp.csproj" Id="90ff729d-cad1-4d3b-b5e7-710b1cfe1de6" />
  <Project Path="Travelling/Travelling.csproj" />
  <Project Path="WhileApp/WhileApp.csproj" Id="7b7d568d-53b5-4076-b68c-ad3ac5318bd9" />
</Solution>
